
Microsoft Visual Studio Solution File, Format Version 12.00
# Visual Studio Version 16
VisualStudioVersion = 16.0.30225.117
MinimumVisualStudioVersion = 10.0.40219.1
Project("{9A19103F-16F7-4668-BE54-9A1E7A4F7556}") = "ScissorsPaperRock.BL", "ScissorsPaperRock.BL\ScissorsPaperRock.BL.csproj", "{C34C1AAB-32AA-449D-A226-575AA23EF0EF}"
EndProject
Project("{9A19103F-16F7-4668-BE54-9A1E7A4F7556}") = "ScissorsPaperRock.BLTests", "ScissorsPaperRock.BLTests\ScissorsPaperRock.BLTests.csproj", "{E549C7A9-2C63-4357-AA43-0CF5F0C46D10}"
EndProject
Project("{FAE04EC0-301F-11D3-BF4B-00C04F79EFBC}") = "ScissorsPaperRock.UI", "ScissorsPaperRock.UI\ScissorsPaperRock.UI.csproj", "{60E0D8FE-46CA-429F-98DB-0F2AAF4FBB37}"
EndProject
Global
	GlobalSection(SolutionConfigurationPlatforms) = preSolution
		Debug|Any CPU = Debug|Any CPU
		Release|Any CPU = Release|Any CPU
	EndGlobalSection
	GlobalSection(ProjectConfigurationPlatforms) = postSolution
		{C34C1AAB-32AA-449D-A226-575AA23EF0EF}.Debug|Any CPU.ActiveCfg = Debug|Any CPU
		{C34C1AAB-32AA-449D-A226-575AA23EF0EF}.Debug|Any CPU.Build.0 = Debug|Any CPU
		{C34C1AAB-32AA-449D-A226-575AA23EF0EF}.Release|Any CPU.ActiveCfg = Release|Any CPU
		{C34C1AAB-32AA-449D-A226-575AA23EF0EF}.Release|Any CPU.Build.0 = Release|Any CPU
		{E549C7A9-2C63-4357-AA43-0CF5F0C46D10}.Debug|Any CPU.ActiveCfg = Debug|Any CPU
		{E549C7A9-2C63-4357-AA43-0CF5F0C46D10}.Debug|Any CPU.Build.0 = Debug|Any CPU
		{E549C7A9-2C63-4357-AA43-0CF5F0C46D10}.Release|Any CPU.ActiveCfg = Release|Any CPU
		{E549C7A9-2C63-4357-AA43-0CF5F0C46D10}.Release|Any CPU.Build.0 = Release|Any CPU
		{60E0D8FE-46CA-429F-98DB-0F2AAF4FBB37}.Debug|Any CPU.ActiveCfg = Debug|Any CPU
		{60E0D8FE-46CA-429F-98DB-0F2AAF4FBB37}.Debug|Any CPU.Build.0 = Debug|Any CPU
		{60E0D8FE-46CA-429F-98DB-0F2AAF4FBB37}.Release|Any CPU.ActiveCfg = Release|Any CPU
		{60E0D8FE-46CA-429F-98DB-0F2AAF4FBB37}.Release|Any CPU.Build.0 = Release|Any CPU
	EndGlobalSection
	GlobalSection(SolutionProperties) = preSolution
		HideSolutionNode = FALSE
	EndGlobalSection
	GlobalSection(ExtensibilityGlobals) = postSolution
		SolutionGuid = {E7F0AFDB-0626-40A6-826E-8DE1EFE42EA6}
	EndGlobalSection
EndGlobal
